{
  "version": 4,
  "terraform_version": "1.10.5",
  "serial": 83,
  "lineage": "0e13353f-cae2-1449-d433-bc2970c682d1",
  "outputs": {},
  "resources": [
    {
      "mode": "managed",
      "type": "lxd_instance",
      "name": "instance",
      "provider": "provider[\"registry.terraform.io/terraform-lxd/lxd\"]",
      "instances": [
        {
          "index_key": "vm-1",
          "schema_version": 0,
          "attributes": {
            "config": {
              "cloud-init.user-data": "#cloud-config\nusers:\n  - name: ubuntu\n    ssh_authorized_keys:\n    - ssh-rsa AAAAB3NzaC1yc2EAAAADAQABAAABgQCKZc6GLae5vmRYjb78j1jJaHyCqMcQcTiEBJpVSIyHsjKS9UoGCDe3I8MXrkB+cdTCGexG+xifKi/ZoxgcJyIRx3dZgdTNiDwmgMsSqpxBuyhBWFMLM0GWWXcK48VCBxOADNgGepTVv28tzaCXYFNJfFpeq+pmveU84m3258JD60fAMyn4pxyokMoWanZ0KRHE+B/TIfRW4X8M+GXr//aAgAR5YVCM/zNhEfojrGMV5eGMzgPPaZLA719Z2sNqvZ/pSGUM+x8jLv4oTrUvmStNhtpicoIMDOwlHalHtxpJ4Cda6U5cggpfQiUppyhSBbhVBvyFLLH7zmUuRckmQdew47W9o2EAIHJ6KNEQ1UcbhkCrpxXkHwYE2SNnXE+We84uLR7D+HJzcIq2QD5akHSvaacOyH5GCEziRvMNNNwtHCfh7m8bUaZmSCCbvfkgpCNM6z5XOP1Zc79tLcMbXIusHTZ+wwMuugn6IW6HVZdED5upbCZTQlt6um9m+u4+zI0= fdesi@fdesi-ws\n    sudo: ALL=(ALL) NOPASSWD:ALL\nruncmd:\n- sudo snap install openstack --channel 2024.1/beta\n- sunbeam prepare-node-script --bootstrap\n"
            },
            "description": "",
            "device": [
              {
                "name": "eth0",
                "properties": {
                  "nictype": "bridged",
                  "parent": "oam"
                },
                "type": "nic"
              },
              {
                "name": "root",
                "properties": {
                  "path": "/",
                  "pool": "default"
                },
                "type": "disk"
              }
            ],
            "ephemeral": false,
            "execs": null,
            "file": [],
            "image": "ubuntu:24.04",
            "interfaces": {
              "eth0": {
                "ips": [
                  {
                    "address": "10.150.19.50",
                    "family": "inet",
                    "scope": "global"
                  },
                  {
                    "address": "fd42:a763:d265:8be8:216:3eff:feba:4750",
                    "family": "inet6",
                    "scope": "global"
                  },
                  {
                    "address": "fe80::216:3eff:feba:4750",
                    "family": "inet6",
                    "scope": "link"
                  }
                ],
                "name": "enp5s0",
                "state": "up",
                "type": "broadcast"
              }
            },
            "ipv4_address": "10.150.19.50",
            "ipv6_address": "fd42:a763:d265:8be8:216:3eff:feba:4750",
            "limits": {
              "cpu": "4",
              "memory": "16GiB"
            },
            "mac_address": "00:16:3e:ba:47:50",
            "name": "vm-1",
            "profiles": [
              "default"
            ],
            "project": "sunbeam",
            "remote": null,
            "running": true,
            "status": "Running",
            "target": "",
            "timeouts": null,
            "type": "virtual-machine",
            "wait_for_network": true
          },
          "sensitive_attributes": [],
          "dependencies": [
            "lxd_network.oam",
            "lxd_project.sunbeam"
          ]
        }
      ]
    },
    {
      "mode": "managed",
      "type": "lxd_network",
      "name": "oam",
      "provider": "provider[\"registry.terraform.io/terraform-lxd/lxd\"]",
      "instances": [
        {
          "schema_version": 0,
          "attributes": {
            "config": {
              "ipv4.address": "10.150.19.1/24",
              "ipv4.nat": "true"
            },
            "description": "",
            "managed": true,
            "name": "oam",
            "project": null,
            "remote": null,
            "target": null,
            "type": "bridge"
          },
          "sensitive_attributes": []
        }
      ]
    },
    {
      "mode": "managed",
      "type": "lxd_project",
      "name": "sunbeam",
      "provider": "provider[\"registry.terraform.io/terraform-lxd/lxd\"]",
      "instances": [
        {
          "schema_version": 0,
          "attributes": {
            "config": {},
            "description": "sunbeam demo",
            "name": "sunbeam",
            "remote": null
          },
          "sensitive_attributes": []
        }
      ]
    }
  ],
  "check_results": null
}
